// !$*UTF8*$!
{
	archiveVersion = 1;
	classes = {
	};
	objectVersion = 46;
	objects = {

/* Begin PBXBuildFile section */
		8D16BA501B4B692B001A9AF0 /* wsresponse.json in Resources */ = {isa = PBXBuildFile; fileRef = 8D16BA4F1B4B692B001A9AF0 /* wsresponse.json */; };
		8D16BA511B4B692B001A9AF0 /* wsresponse.json in Resources */ = {isa = PBXBuildFile; fileRef = 8D16BA4F1B4B692B001A9AF0 /* wsresponse.json */; };
		8D8CD3391B4DFCEF00DE66F7 /* AppDelegateExtension.swift in Sources */ = {isa = PBXBuildFile; fileRef = 8D8CD3381B4DFCEF00DE66F7 /* AppDelegateExtension.swift */; };
		8D8CD33F1B4E020D00DE66F7 /* ViewController.swift in Sources */ = {isa = PBXBuildFile; fileRef = 8DC1E6621B32581E00880F26 /* ViewController.swift */; };
		8D8CD3401B4E020D00DE66F7 /* AppDelegateExtension.swift in Sources */ = {isa = PBXBuildFile; fileRef = 8D8CD3381B4DFCEF00DE66F7 /* AppDelegateExtension.swift */; };
		8D8CD3411B4E020D00DE66F7 /* AppDelegate.swift in Sources */ = {isa = PBXBuildFile; fileRef = 8DC1E6601B32581E00880F26 /* AppDelegate.swift */; };
		8D8CD3431B4E020D00DE66F7 /* Pods.framework in Frameworks */ = {isa = PBXBuildFile; fileRef = 33597164FFDC321E1C057910 /* Pods.framework */; settings = {ATTRIBUTES = (Weak, ); }; };
		8D8CD3451B4E020D00DE66F7 /* wsresponse.json in Resources */ = {isa = PBXBuildFile; fileRef = 8D16BA4F1B4B692B001A9AF0 /* wsresponse.json */; };
		8D8CD3461B4E020D00DE66F7 /* LaunchScreen.storyboard in Resources */ = {isa = PBXBuildFile; fileRef = 8DC1E6691B32581E00880F26 /* LaunchScreen.storyboard */; };
		8D8CD3471B4E020D00DE66F7 /* Assets.xcassets in Resources */ = {isa = PBXBuildFile; fileRef = 8DC1E6671B32581E00880F26 /* Assets.xcassets */; };
		8D8CD3481B4E020D00DE66F7 /* Main.storyboard in Resources */ = {isa = PBXBuildFile; fileRef = 8DC1E6641B32581E00880F26 /* Main.storyboard */; };
		8D8CD3591B4E04AF00DE66F7 /* ApptesterStub_UI_Tests.swift in Sources */ = {isa = PBXBuildFile; fileRef = 8D8CD3581B4E04AF00DE66F7 /* ApptesterStub_UI_Tests.swift */; };
		8DC1E6611B32581E00880F26 /* AppDelegate.swift in Sources */ = {isa = PBXBuildFile; fileRef = 8DC1E6601B32581E00880F26 /* AppDelegate.swift */; };
		8DC1E6631B32581E00880F26 /* ViewController.swift in Sources */ = {isa = PBXBuildFile; fileRef = 8DC1E6621B32581E00880F26 /* ViewController.swift */; };
		8DC1E6661B32581E00880F26 /* Main.storyboard in Resources */ = {isa = PBXBuildFile; fileRef = 8DC1E6641B32581E00880F26 /* Main.storyboard */; };
		8DC1E6681B32581E00880F26 /* Assets.xcassets in Resources */ = {isa = PBXBuildFile; fileRef = 8DC1E6671B32581E00880F26 /* Assets.xcassets */; };
		8DC1E66B1B32581E00880F26 /* LaunchScreen.storyboard in Resources */ = {isa = PBXBuildFile; fileRef = 8DC1E6691B32581E00880F26 /* LaunchScreen.storyboard */; };
		8DC1E6761B32581E00880F26 /* ApptesterTests.swift in Sources */ = {isa = PBXBuildFile; fileRef = 8DC1E6751B32581E00880F26 /* ApptesterTests.swift */; };
		E745C5422D5A083BDCFEC92B /* Pods.framework in Frameworks */ = {isa = PBXBuildFile; fileRef = 33597164FFDC321E1C057910 /* Pods.framework */; settings = {ATTRIBUTES = (Weak, ); }; };
/* End PBXBuildFile section */

/* Begin PBXContainerItemProxy section */
		8D8CD35B1B4E04AF00DE66F7 /* PBXContainerItemProxy */ = {
			isa = PBXContainerItemProxy;
			containerPortal = 8DC1E6551B32581E00880F26 /* Project object */;
			proxyType = 1;
			remoteGlobalIDString = 8D8CD33C1B4E020D00DE66F7;
			remoteInfo = ApptesterStub;
		};
		8DC1E6721B32581E00880F26 /* PBXContainerItemProxy */ = {
			isa = PBXContainerItemProxy;
			containerPortal = 8DC1E6551B32581E00880F26 /* Project object */;
			proxyType = 1;
			remoteGlobalIDString = 8DC1E65C1B32581E00880F26;
			remoteInfo = Apptester;
		};
/* End PBXContainerItemProxy section */

/* Begin PBXFileReference section */
		030E4EF3DEE1672A74C737AE /* Pods_ApptesterUITests.framework */ = {isa = PBXFileReference; explicitFileType = wrapper.framework; includeInIndex = 0; path = Pods_ApptesterUITests.framework; sourceTree = BUILT_PRODUCTS_DIR; };
		114207DCF8A78DF84C66074E /* Pods.debug.xcconfig */ = {isa = PBXFileReference; includeInIndex = 1; lastKnownFileType = text.xcconfig; name = Pods.debug.xcconfig; path = "Pods/Target Support Files/Pods/Pods.debug.xcconfig"; sourceTree = "<group>"; };
		33597164FFDC321E1C057910 /* Pods.framework */ = {isa = PBXFileReference; explicitFileType = wrapper.framework; includeInIndex = 0; path = Pods.framework; sourceTree = BUILT_PRODUCTS_DIR; };
		34E35A82B65F7C1B425F6045 /* Pods-ApptesterUITests.debug.xcconfig */ = {isa = PBXFileReference; includeInIndex = 1; lastKnownFileType = text.xcconfig; name = "Pods-ApptesterUITests.debug.xcconfig"; path = "Pods/Target Support Files/Pods-ApptesterUITests/Pods-ApptesterUITests.debug.xcconfig"; sourceTree = "<group>"; };
		3670CF926E268660157AA91E /* Pods-ApptesterUITests.release.xcconfig */ = {isa = PBXFileReference; includeInIndex = 1; lastKnownFileType = text.xcconfig; name = "Pods-ApptesterUITests.release.xcconfig"; path = "Pods/Target Support Files/Pods-ApptesterUITests/Pods-ApptesterUITests.release.xcconfig"; sourceTree = "<group>"; };
		3E087C6DDAD38B572EA9222C /* Pods-Apptester.release.xcconfig */ = {isa = PBXFileReference; includeInIndex = 1; lastKnownFileType = text.xcconfig; name = "Pods-Apptester.release.xcconfig"; path = "Pods/Target Support Files/Pods-Apptester/Pods-Apptester.release.xcconfig"; sourceTree = "<group>"; };
		54AFD41C9A63745D4D1CE814 /* Pods.release.xcconfig */ = {isa = PBXFileReference; includeInIndex = 1; lastKnownFileType = text.xcconfig; name = Pods.release.xcconfig; path = "Pods/Target Support Files/Pods/Pods.release.xcconfig"; sourceTree = "<group>"; };
		8D162E4B1B4CBA7300EEB05B /* Apptester copy-Info.plist */ = {isa = PBXFileReference; lastKnownFileType = text.plist.xml; name = "Apptester copy-Info.plist"; path = "/Users/billyto/playground/Apptester/Apptester copy-Info.plist"; sourceTree = "<absolute>"; };
		8D16BA4B1B4B6154001A9AF0 /* bridge.h */ = {isa = PBXFileReference; fileEncoding = 4; lastKnownFileType = sourcecode.c.h; name = bridge.h; path = ../bridge.h; sourceTree = "<group>"; };
		8D16BA4F1B4B692B001A9AF0 /* wsresponse.json */ = {isa = PBXFileReference; fileEncoding = 4; lastKnownFileType = text.json; path = wsresponse.json; sourceTree = "<group>"; };
		8D8CD3381B4DFCEF00DE66F7 /* AppDelegateExtension.swift */ = {isa = PBXFileReference; fileEncoding = 4; lastKnownFileType = sourcecode.swift; path = AppDelegateExtension.swift; sourceTree = "<group>"; };
		8D8CD34E1B4E020D00DE66F7 /* ApptesterStub.app */ = {isa = PBXFileReference; explicitFileType = wrapper.application; includeInIndex = 0; path = ApptesterStub.app; sourceTree = BUILT_PRODUCTS_DIR; };
		8D8CD34F1B4E020D00DE66F7 /* Apptester copy2-Info.plist */ = {isa = PBXFileReference; lastKnownFileType = text.plist.xml; name = "Apptester copy2-Info.plist"; path = "/Users/billyto/playground/Apptester/Apptester copy2-Info.plist"; sourceTree = "<absolute>"; };
		8D8CD3561B4E04AF00DE66F7 /* ApptesterStub UI Tests.xctest */ = {isa = PBXFileReference; explicitFileType = wrapper.cfbundle; includeInIndex = 0; path = "ApptesterStub UI Tests.xctest"; sourceTree = BUILT_PRODUCTS_DIR; };
		8D8CD3581B4E04AF00DE66F7 /* ApptesterStub_UI_Tests.swift */ = {isa = PBXFileReference; lastKnownFileType = sourcecode.swift; path = ApptesterStub_UI_Tests.swift; sourceTree = "<group>"; };
		8D8CD35A1B4E04AF00DE66F7 /* Info.plist */ = {isa = PBXFileReference; lastKnownFileType = text.plist.xml; path = Info.plist; sourceTree = "<group>"; };
		8DC1E65D1B32581E00880F26 /* Apptester.app */ = {isa = PBXFileReference; explicitFileType = wrapper.application; includeInIndex = 0; path = Apptester.app; sourceTree = BUILT_PRODUCTS_DIR; };
		8DC1E6601B32581E00880F26 /* AppDelegate.swift */ = {isa = PBXFileReference; lastKnownFileType = sourcecode.swift; path = AppDelegate.swift; sourceTree = "<group>"; };
		8DC1E6621B32581E00880F26 /* ViewController.swift */ = {isa = PBXFileReference; lastKnownFileType = sourcecode.swift; path = ViewController.swift; sourceTree = "<group>"; };
		8DC1E6651B32581E00880F26 /* Base */ = {isa = PBXFileReference; lastKnownFileType = file.storyboard; name = Base; path = Base.lproj/Main.storyboard; sourceTree = "<group>"; };
		8DC1E6671B32581E00880F26 /* Assets.xcassets */ = {isa = PBXFileReference; lastKnownFileType = folder.assetcatalog; path = Assets.xcassets; sourceTree = "<group>"; };
		8DC1E66A1B32581E00880F26 /* Base */ = {isa = PBXFileReference; lastKnownFileType = file.storyboard; name = Base; path = Base.lproj/LaunchScreen.storyboard; sourceTree = "<group>"; };
		8DC1E66C1B32581E00880F26 /* Info.plist */ = {isa = PBXFileReference; lastKnownFileType = text.plist.xml; path = Info.plist; sourceTree = "<group>"; };
		8DC1E6711B32581E00880F26 /* ApptesterTests.xctest */ = {isa = PBXFileReference; explicitFileType = wrapper.cfbundle; includeInIndex = 0; path = ApptesterTests.xctest; sourceTree = BUILT_PRODUCTS_DIR; };
		8DC1E6751B32581E00880F26 /* ApptesterTests.swift */ = {isa = PBXFileReference; lastKnownFileType = sourcecode.swift; path = ApptesterTests.swift; sourceTree = "<group>"; };
		8DC1E6771B32581E00880F26 /* Info.plist */ = {isa = PBXFileReference; lastKnownFileType = text.plist.xml; path = Info.plist; sourceTree = "<group>"; };
		8DEE0A4B1B4CA58400DC163E /* OHHTTPStubs.framework */ = {isa = PBXFileReference; lastKnownFileType = wrapper.framework; name = OHHTTPStubs.framework; path = "Pods/../build/Debug-iphoneos/Pods-ApptesterUITests/OHHTTPStubs.framework"; sourceTree = "<group>"; };
		D4B44F69D8B5FCFCC71DB0F4 /* Pods-Apptester.debug.xcconfig */ = {isa = PBXFileReference; includeInIndex = 1; lastKnownFileType = text.xcconfig; name = "Pods-Apptester.debug.xcconfig"; path = "Pods/Target Support Files/Pods-Apptester/Pods-Apptester.debug.xcconfig"; sourceTree = "<group>"; };
		F0C4FA6737CFDA63A418A6AA /* Pods_Apptester.framework */ = {isa = PBXFileReference; explicitFileType = wrapper.framework; includeInIndex = 0; path = Pods_Apptester.framework; sourceTree = BUILT_PRODUCTS_DIR; };
/* End PBXFileReference section */

/* Begin PBXFrameworksBuildPhase section */
		8D8CD3421B4E020D00DE66F7 /* Frameworks */ = {
			isa = PBXFrameworksBuildPhase;
			buildActionMask = 2147483647;
			files = (
				8D8CD3431B4E020D00DE66F7 /* Pods.framework in Frameworks */,
			);
			runOnlyForDeploymentPostprocessing = 0;
		};
		8D8CD3531B4E04AF00DE66F7 /* Frameworks */ = {
			isa = PBXFrameworksBuildPhase;
			buildActionMask = 2147483647;
			files = (
			);
			runOnlyForDeploymentPostprocessing = 0;
		};
		8DC1E65A1B32581E00880F26 /* Frameworks */ = {
			isa = PBXFrameworksBuildPhase;
			buildActionMask = 2147483647;
			files = (
				E745C5422D5A083BDCFEC92B /* Pods.framework in Frameworks */,
			);
			runOnlyForDeploymentPostprocessing = 0;
		};
		8DC1E66E1B32581E00880F26 /* Frameworks */ = {
			isa = PBXFrameworksBuildPhase;
			buildActionMask = 2147483647;
			files = (
			);
			runOnlyForDeploymentPostprocessing = 0;
		};
/* End PBXFrameworksBuildPhase section */

/* Begin PBXGroup section */
		17032764B248A0326A5E2831 /* Frameworks */ = {
			isa = PBXGroup;
			children = (
				8DEE0A4B1B4CA58400DC163E /* OHHTTPStubs.framework */,
				33597164FFDC321E1C057910 /* Pods.framework */,
				F0C4FA6737CFDA63A418A6AA /* Pods_Apptester.framework */,
				030E4EF3DEE1672A74C737AE /* Pods_ApptesterUITests.framework */,
			);
			name = Frameworks;
			sourceTree = "<group>";
		};
		8D8CD3571B4E04AF00DE66F7 /* ApptesterStub UI Tests */ = {
			isa = PBXGroup;
			children = (
				8D8CD3581B4E04AF00DE66F7 /* ApptesterStub_UI_Tests.swift */,
				8D8CD35A1B4E04AF00DE66F7 /* Info.plist */,
			);
			path = "ApptesterStub UI Tests";
			sourceTree = "<group>";
		};
		8DC1E6541B32581E00880F26 = {
			isa = PBXGroup;
			children = (
				8DC1E65F1B32581E00880F26 /* Apptester */,
				8DC1E6741B32581E00880F26 /* ApptesterTests */,
				8D8CD3571B4E04AF00DE66F7 /* ApptesterStub UI Tests */,
				8DC1E65E1B32581E00880F26 /* Products */,
				CA264819C46E0711E137CCA8 /* Pods */,
				17032764B248A0326A5E2831 /* Frameworks */,
				8D162E4B1B4CBA7300EEB05B /* Apptester copy-Info.plist */,
				8D8CD34F1B4E020D00DE66F7 /* Apptester copy2-Info.plist */,
			);
			sourceTree = "<group>";
		};
		8DC1E65E1B32581E00880F26 /* Products */ = {
			isa = PBXGroup;
			children = (
				8DC1E65D1B32581E00880F26 /* Apptester.app */,
				8DC1E6711B32581E00880F26 /* ApptesterTests.xctest */,
				8D8CD34E1B4E020D00DE66F7 /* ApptesterStub.app */,
				8D8CD3561B4E04AF00DE66F7 /* ApptesterStub UI Tests.xctest */,
			);
			name = Products;
			sourceTree = "<group>";
		};
		8DC1E65F1B32581E00880F26 /* Apptester */ = {
			isa = PBXGroup;
			children = (
				8D16BA4B1B4B6154001A9AF0 /* bridge.h */,
				8DC1E6601B32581E00880F26 /* AppDelegate.swift */,
				8DC1E6621B32581E00880F26 /* ViewController.swift */,
				8DC1E6641B32581E00880F26 /* Main.storyboard */,
				8DC1E6671B32581E00880F26 /* Assets.xcassets */,
				8DC1E6691B32581E00880F26 /* LaunchScreen.storyboard */,
				8DC1E66C1B32581E00880F26 /* Info.plist */,
				8D16BA4F1B4B692B001A9AF0 /* wsresponse.json */,
				8D8CD3381B4DFCEF00DE66F7 /* AppDelegateExtension.swift */,
			);
			path = Apptester;
			sourceTree = "<group>";
		};
		8DC1E6741B32581E00880F26 /* ApptesterTests */ = {
			isa = PBXGroup;
			children = (
				8DC1E6751B32581E00880F26 /* ApptesterTests.swift */,
				8DC1E6771B32581E00880F26 /* Info.plist */,
			);
			path = ApptesterTests;
			sourceTree = "<group>";
		};
		CA264819C46E0711E137CCA8 /* Pods */ = {
			isa = PBXGroup;
			children = (
				D4B44F69D8B5FCFCC71DB0F4 /* Pods-Apptester.debug.xcconfig */,
				3E087C6DDAD38B572EA9222C /* Pods-Apptester.release.xcconfig */,
				34E35A82B65F7C1B425F6045 /* Pods-ApptesterUITests.debug.xcconfig */,
				3670CF926E268660157AA91E /* Pods-ApptesterUITests.release.xcconfig */,
				114207DCF8A78DF84C66074E /* Pods.debug.xcconfig */,
				54AFD41C9A63745D4D1CE814 /* Pods.release.xcconfig */,
			);
			name = Pods;
			sourceTree = "<group>";
		};
/* End PBXGroup section */

/* Begin PBXNativeTarget section */
		8D8CD33C1B4E020D00DE66F7 /* ApptesterStub */ = {
			isa = PBXNativeTarget;
			buildConfigurationList = 8D8CD34B1B4E020D00DE66F7 /* Build configuration list for PBXNativeTarget "ApptesterStub" */;
			buildPhases = (
				8D8CD33D1B4E020D00DE66F7 /* Check Pods Manifest.lock */,
				8D8CD33E1B4E020D00DE66F7 /* Sources */,
				8D8CD3421B4E020D00DE66F7 /* Frameworks */,
				8D8CD3441B4E020D00DE66F7 /* Resources */,
				8D8CD3491B4E020D00DE66F7 /* Embed Pods Frameworks */,
				8D8CD34A1B4E020D00DE66F7 /* Copy Pods Resources */,
			);
			buildRules = (
			);
			dependencies = (
			);
			name = ApptesterStub;
			productName = Apptester;
			productReference = 8D8CD34E1B4E020D00DE66F7 /* ApptesterStub.app */;
			productType = "com.apple.product-type.application";
		};
		8D8CD3551B4E04AF00DE66F7 /* ApptesterStub UI Tests */ = {
			isa = PBXNativeTarget;
			buildConfigurationList = 8D8CD35D1B4E04AF00DE66F7 /* Build configuration list for PBXNativeTarget "ApptesterStub UI Tests" */;
			buildPhases = (
				8D8CD3521B4E04AF00DE66F7 /* Sources */,
				8D8CD3531B4E04AF00DE66F7 /* Frameworks */,
				8D8CD3541B4E04AF00DE66F7 /* Resources */,
			);
			buildRules = (
			);
			dependencies = (
				8D8CD35C1B4E04AF00DE66F7 /* PBXTargetDependency */,
			);
			name = "ApptesterStub UI Tests";
			productName = "ApptesterStub UI Tests";
			productReference = 8D8CD3561B4E04AF00DE66F7 /* ApptesterStub UI Tests.xctest */;
			productType = "com.apple.product-type.bundle.ui-testing";
		};
		8DC1E65C1B32581E00880F26 /* Apptester */ = {
			isa = PBXNativeTarget;
			buildConfigurationList = 8DC1E6851B32581E00880F26 /* Build configuration list for PBXNativeTarget "Apptester" */;
			buildPhases = (
				A6EAADEED134146E86457776 /* Check Pods Manifest.lock */,
				8DC1E6591B32581E00880F26 /* Sources */,
				8DC1E65A1B32581E00880F26 /* Frameworks */,
				8DC1E65B1B32581E00880F26 /* Resources */,
				B1F7BA63FD5091B1193057B8 /* Embed Pods Frameworks */,
				6DBF612E1C97D35612DEC90E /* Copy Pods Resources */,
			);
			buildRules = (
			);
			dependencies = (
			);
			name = Apptester;
			productName = Apptester;
			productReference = 8DC1E65D1B32581E00880F26 /* Apptester.app */;
			productType = "com.apple.product-type.application";
		};
		8DC1E6701B32581E00880F26 /* ApptesterTests */ = {
			isa = PBXNativeTarget;
			buildConfigurationList = 8DC1E6881B32581E00880F26 /* Build configuration list for PBXNativeTarget "ApptesterTests" */;
			buildPhases = (
				8DC1E66D1B32581E00880F26 /* Sources */,
				8DC1E66E1B32581E00880F26 /* Frameworks */,
				8DC1E66F1B32581E00880F26 /* Resources */,
			);
			buildRules = (
			);
			dependencies = (
				8DC1E6731B32581E00880F26 /* PBXTargetDependency */,
			);
			name = ApptesterTests;
			productName = ApptesterTests;
			productReference = 8DC1E6711B32581E00880F26 /* ApptesterTests.xctest */;
			productType = "com.apple.product-type.bundle.unit-test";
		};
/* End PBXNativeTarget section */

/* Begin PBXProject section */
		8DC1E6551B32581E00880F26 /* Project object */ = {
			isa = PBXProject;
			attributes = {
				LastSwiftUpdateCheck = 0700;
				LastUpgradeCheck = 0700;
				ORGANIZATIONNAME = "Squid vs Robot Inc.";
				TargetAttributes = {
					8D8CD3551B4E04AF00DE66F7 = {
						CreatedOnToolsVersion = 7.0;
						TestTargetID = 8D8CD33C1B4E020D00DE66F7;
					};
					8DC1E65C1B32581E00880F26 = {
						CreatedOnToolsVersion = 7.0;
						DevelopmentTeam = 6V7A38G4Y2;
					};
					8DC1E6701B32581E00880F26 = {
						CreatedOnToolsVersion = 7.0;
						TestTargetID = 8DC1E65C1B32581E00880F26;
					};
				};
			};
			buildConfigurationList = 8DC1E6581B32581E00880F26 /* Build configuration list for PBXProject "Apptester" */;
			compatibilityVersion = "Xcode 3.2";
			developmentRegion = English;
			hasScannedForEncodings = 0;
			knownRegions = (
				en,
				Base,
			);
			mainGroup = 8DC1E6541B32581E00880F26;
			productRefGroup = 8DC1E65E1B32581E00880F26 /* Products */;
			projectDirPath = "";
			projectRoot = "";
			targets = (
				8DC1E65C1B32581E00880F26 /* Apptester */,
				8DC1E6701B32581E00880F26 /* ApptesterTests */,
				8D8CD33C1B4E020D00DE66F7 /* ApptesterStub */,
				8D8CD3551B4E04AF00DE66F7 /* ApptesterStub UI Tests */,
			);
		};
/* End PBXProject section */

/* Begin PBXResourcesBuildPhase section */
		8D8CD3441B4E020D00DE66F7 /* Resources */ = {
			isa = PBXResourcesBuildPhase;
			buildActionMask = 2147483647;
			files = (
				8D8CD3451B4E020D00DE66F7 /* wsresponse.json in Resources */,
				8D8CD3461B4E020D00DE66F7 /* LaunchScreen.storyboard in Resources */,
				8D8CD3471B4E020D00DE66F7 /* Assets.xcassets in Resources */,
				8D8CD3481B4E020D00DE66F7 /* Main.storyboard in Resources */,
			);
			runOnlyForDeploymentPostprocessing = 0;
		};
		8D8CD3541B4E04AF00DE66F7 /* Resources */ = {
			isa = PBXResourcesBuildPhase;
			buildActionMask = 2147483647;
			files = (
			);
			runOnlyForDeploymentPostprocessing = 0;
		};
		8DC1E65B1B32581E00880F26 /* Resources */ = {
			isa = PBXResourcesBuildPhase;
			buildActionMask = 2147483647;
			files = (
				8D16BA501B4B692B001A9AF0 /* wsresponse.json in Resources */,
				8DC1E66B1B32581E00880F26 /* LaunchScreen.storyboard in Resources */,
				8DC1E6681B32581E00880F26 /* Assets.xcassets in Resources */,
				8DC1E6661B32581E00880F26 /* Main.storyboard in Resources */,
			);
			runOnlyForDeploymentPostprocessing = 0;
		};
		8DC1E66F1B32581E00880F26 /* Resources */ = {
			isa = PBXResourcesBuildPhase;
			buildActionMask = 2147483647;
			files = (
				8D16BA511B4B692B001A9AF0 /* wsresponse.json in Resources */,
			);
			runOnlyForDeploymentPostprocessing = 0;
		};
/* End PBXResourcesBuildPhase section */

/* Begin PBXShellScriptBuildPhase section */
		6DBF612E1C97D35612DEC90E /* Copy Pods Resources */ = {
			isa = PBXShellScriptBuildPhase;
			buildActionMask = 2147483647;
			files = (
			);
			inputPaths = (
			);
			name = "Copy Pods Resources";
			outputPaths = (
			);
			runOnlyForDeploymentPostprocessing = 0;
			shellPath = /bin/sh;
			shellScript = "\"${SRCROOT}/Pods/Target Support Files/Pods/Pods-resources.sh\"\n";
			showEnvVarsInLog = 0;
		};
		8D8CD33D1B4E020D00DE66F7 /* Check Pods Manifest.lock */ = {
			isa = PBXShellScriptBuildPhase;
			buildActionMask = 2147483647;
			files = (
			);
			inputPaths = (
			);
			name = "Check Pods Manifest.lock";
			outputPaths = (
			);
			runOnlyForDeploymentPostprocessing = 0;
			shellPath = /bin/sh;
			shellScript = "diff \"${PODS_ROOT}/../Podfile.lock\" \"${PODS_ROOT}/Manifest.lock\" > /dev/null\nif [[ $? != 0 ]] ; then\n    cat << EOM\nerror: The sandbox is not in sync with the Podfile.lock. Run 'pod install' or update your CocoaPods installation.\nEOM\n    exit 1\nfi\n";
			showEnvVarsInLog = 0;
		};
		8D8CD3491B4E020D00DE66F7 /* Embed Pods Frameworks */ = {
			isa = PBXShellScriptBuildPhase;
			buildActionMask = 2147483647;
			files = (
			);
			inputPaths = (
			);
			name = "Embed Pods Frameworks";
			outputPaths = (
			);
			runOnlyForDeploymentPostprocessing = 0;
			shellPath = /bin/sh;
			shellScript = "\"${SRCROOT}/Pods/Target Support Files/Pods/Pods-frameworks.sh\"\n";
			showEnvVarsInLog = 0;
		};
		8D8CD34A1B4E020D00DE66F7 /* Copy Pods Resources */ = {
			isa = PBXShellScriptBuildPhase;
			buildActionMask = 2147483647;
			files = (
			);
			inputPaths = (
			);
			name = "Copy Pods Resources";
			outputPaths = (
			);
			runOnlyForDeploymentPostprocessing = 0;
			shellPath = /bin/sh;
			shellScript = "\"${SRCROOT}/Pods/Target Support Files/Pods/Pods-resources.sh\"\n";
			showEnvVarsInLog = 0;
		};
		A6EAADEED134146E86457776 /* Check Pods Manifest.lock */ = {
			isa = PBXShellScriptBuildPhase;
			buildActionMask = 2147483647;
			files = (
			);
			inputPaths = (
			);
			name = "Check Pods Manifest.lock";
			outputPaths = (
			);
			runOnlyForDeploymentPostprocessing = 0;
			shellPath = /bin/sh;
			shellScript = "diff \"${PODS_ROOT}/../Podfile.lock\" \"${PODS_ROOT}/Manifest.lock\" > /dev/null\nif [[ $? != 0 ]] ; then\n    cat << EOM\nerror: The sandbox is not in sync with the Podfile.lock. Run 'pod install' or update your CocoaPods installation.\nEOM\n    exit 1\nfi\n";
			showEnvVarsInLog = 0;
		};
		B1F7BA63FD5091B1193057B8 /* Embed Pods Frameworks */ = {
			isa = PBXShellScriptBuildPhase;
			buildActionMask = 2147483647;
			files = (
			);
			inputPaths = (
			);
			name = "Embed Pods Frameworks";
			outputPaths = (
			);
			runOnlyForDeploymentPostprocessing = 0;
			shellPath = /bin/sh;
			shellScript = "\"${SRCROOT}/Pods/Target Support Files/Pods/Pods-frameworks.sh\"\n";
			showEnvVarsInLog = 0;
		};
/* End PBXShellScriptBuildPhase section */

/* Begin PBXSourcesBuildPhase section */
		8D8CD33E1B4E020D00DE66F7 /* Sources */ = {
			isa = PBXSourcesBuildPhase;
			buildActionMask = 2147483647;
			files = (
				8D8CD33F1B4E020D00DE66F7 /* ViewController.swift in Sources */,
				8D8CD3401B4E020D00DE66F7 /* AppDelegateExtension.swift in Sources */,
				8D8CD3411B4E020D00DE66F7 /* AppDelegate.swift in Sources */,
			);
			runOnlyForDeploymentPostprocessing = 0;
		};
		8D8CD3521B4E04AF00DE66F7 /* Sources */ = {
			isa = PBXSourcesBuildPhase;
			buildActionMask = 2147483647;
			files = (
				8D8CD3591B4E04AF00DE66F7 /* ApptesterStub_UI_Tests.swift in Sources */,
			);
			runOnlyForDeploymentPostprocessing = 0;
		};
		8DC1E6591B32581E00880F26 /* Sources */ = {
			isa = PBXSourcesBuildPhase;
			buildActionMask = 2147483647;
			files = (
				8DC1E6631B32581E00880F26 /* ViewController.swift in Sources */,
				8D8CD3391B4DFCEF00DE66F7 /* AppDelegateExtension.swift in Sources */,
				8DC1E6611B32581E00880F26 /* AppDelegate.swift in Sources */,
			);
			runOnlyForDeploymentPostprocessing = 0;
		};
		8DC1E66D1B32581E00880F26 /* Sources */ = {
			isa = PBXSourcesBuildPhase;
			buildActionMask = 2147483647;
			files = (
				8DC1E6761B32581E00880F26 /* ApptesterTests.swift in Sources */,
			);
			runOnlyForDeploymentPostprocessing = 0;
		};
/* End PBXSourcesBuildPhase section */

/* Begin PBXTargetDependency section */
		8D8CD35C1B4E04AF00DE66F7 /* PBXTargetDependency */ = {
			isa = PBXTargetDependency;
			target = 8D8CD33C1B4E020D00DE66F7 /* ApptesterStub */;
			targetProxy = 8D8CD35B1B4E04AF00DE66F7 /* PBXContainerItemProxy */;
		};
		8DC1E6731B32581E00880F26 /* PBXTargetDependency */ = {
			isa = PBXTargetDependency;
			target = 8DC1E65C1B32581E00880F26 /* Apptester */;
			targetProxy = 8DC1E6721B32581E00880F26 /* PBXContainerItemProxy */;
		};
/* End PBXTargetDependency section */

/* Begin PBXVariantGroup section */
		8DC1E6641B32581E00880F26 /* Main.storyboard */ = {
			isa = PBXVariantGroup;
			children = (
				8DC1E6651B32581E00880F26 /* Base */,
			);
			name = Main.storyboard;
			sourceTree = "<group>";
		};
		8DC1E6691B32581E00880F26 /* LaunchScreen.storyboard */ = {
			isa = PBXVariantGroup;
			children = (
				8DC1E66A1B32581E00880F26 /* Base */,
			);
			name = LaunchScreen.storyboard;
			sourceTree = "<group>";
		};
/* End PBXVariantGroup section */

/* Begin XCBuildConfiguration section */
		8D8CD34C1B4E020D00DE66F7 /* Debug */ = {
			isa = XCBuildConfiguration;
			baseConfigurationReference = 114207DCF8A78DF84C66074E /* Pods.debug.xcconfig */;
			buildSettings = {
				ASSETCATALOG_COMPILER_APPICON_NAME = AppIcon;
				CODE_SIGN_IDENTITY = "iPhone Developer";
				GCC_PREPROCESSOR_DEFINITIONS = (
					"$(inherited)",
					"COCOAPODS=1",
					"NETWORK=1",
				);
				INFOPLIST_FILE = "Apptester copy2-Info.plist";
				IPHONEOS_DEPLOYMENT_TARGET = 9.0;
				LD_RUNPATH_SEARCH_PATHS = "$(inherited) @executable_path/Frameworks";
				OTHER_SWIFT_FLAGS = "-DSTUB_NETWORK";
				PRODUCT_BUNDLE_IDENTIFIER = com.sqvr.Apptester;
				PRODUCT_NAME = "$(TARGET_NAME)";
				SWIFT_OBJC_BRIDGING_HEADER = bridge.h;
			};
			name = Debug;
		};
		8D8CD34D1B4E020D00DE66F7 /* Release */ = {
			isa = XCBuildConfiguration;
			baseConfigurationReference = 54AFD41C9A63745D4D1CE814 /* Pods.release.xcconfig */;
			buildSettings = {
				ASSETCATALOG_COMPILER_APPICON_NAME = AppIcon;
				CODE_SIGN_IDENTITY = "iPhone Developer";
				GCC_PREPROCESSOR_DEFINITIONS = (
					"$(inherited)",
					"COCOAPODS=1",
					"NETWORK=1",
				);
				INFOPLIST_FILE = "Apptester copy2-Info.plist";
				IPHONEOS_DEPLOYMENT_TARGET = 9.0;
				LD_RUNPATH_SEARCH_PATHS = "$(inherited) @executable_path/Frameworks";
				OTHER_SWIFT_FLAGS = "-DSTUB_NETWORK";
				PRODUCT_BUNDLE_IDENTIFIER = com.sqvr.Apptester;
				PRODUCT_NAME = "$(TARGET_NAME)";
				SWIFT_OBJC_BRIDGING_HEADER = bridge.h;
			};
			name = Release;
		};
		8D8CD35E1B4E04AF00DE66F7 /* Debug */ = {
			isa = XCBuildConfiguration;
			buildSettings = {
				INFOPLIST_FILE = "ApptesterStub UI Tests/Info.plist";
				LD_RUNPATH_SEARCH_PATHS = "$(inherited) @executable_path/Frameworks @loader_path/Frameworks";
				PRODUCT_BUNDLE_IDENTIFIER = "com.sqvr.ApptesterStub-UI-Tests";
				PRODUCT_NAME = "$(TARGET_NAME)";
				TEST_TARGET_NAME = ApptesterStub;
				USES_XCTRUNNER = YES;
			};
			name = Debug;
		};
		8D8CD35F1B4E04AF00DE66F7 /* Release */ = {
			isa = XCBuildConfiguration;
			buildSettings = {
				INFOPLIST_FILE = "ApptesterStub UI Tests/Info.plist";
				LD_RUNPATH_SEARCH_PATHS = "$(inherited) @executable_path/Frameworks @loader_path/Frameworks";
				PRODUCT_BUNDLE_IDENTIFIER = "com.sqvr.ApptesterStub-UI-Tests";
				PRODUCT_NAME = "$(TARGET_NAME)";
				TEST_TARGET_NAME = ApptesterStub;
				USES_XCTRUNNER = YES;
			};
			name = Release;
		};
		8DC1E6831B32581E00880F26 /* Debug */ = {
			isa = XCBuildConfiguration;
			buildSettings = {
				ALWAYS_SEARCH_USER_PATHS = NO;
				CLANG_CXX_LANGUAGE_STANDARD = "gnu++0x";
				CLANG_CXX_LIBRARY = "libc++";
				CLANG_ENABLE_MODULES = YES;
				CLANG_ENABLE_OBJC_ARC = YES;
				CLANG_WARN_BOOL_CONVERSION = YES;
				CLANG_WARN_CONSTANT_CONVERSION = YES;
				CLANG_WARN_DIRECT_OBJC_ISA_USAGE = YES_ERROR;
				CLANG_WARN_EMPTY_BODY = YES;
				CLANG_WARN_ENUM_CONVERSION = YES;
				CLANG_WARN_INT_CONVERSION = YES;
				CLANG_WARN_OBJC_ROOT_CLASS = YES_ERROR;
				CLANG_WARN_UNREACHABLE_CODE = YES;
				CLANG_WARN__DUPLICATE_METHOD_MATCH = YES;
				"CODE_SIGN_IDENTITY[sdk=iphoneos*]" = "iPhone Developer";
				COPY_PHASE_STRIP = NO;
				DEBUG_INFORMATION_FORMAT = dwarf;
				EMBEDDED_CONTENT_CONTAINS_SWIFT = YES;
				ENABLE_STRICT_OBJC_MSGSEND = YES;
				ENABLE_TESTABILITY = YES;
				GCC_C_LANGUAGE_STANDARD = gnu99;
				GCC_DYNAMIC_NO_PIC = NO;
				GCC_NO_COMMON_BLOCKS = YES;
				GCC_OPTIMIZATION_LEVEL = 0;
				GCC_PREPROCESSOR_DEFINITIONS = (
					"DEBUG=1",
					"$(inherited)",
				);
				GCC_WARN_64_TO_32_BIT_CONVERSION = YES;
				GCC_WARN_ABOUT_RETURN_TYPE = YES_ERROR;
				GCC_WARN_UNDECLARED_SELECTOR = YES;
				GCC_WARN_UNINITIALIZED_AUTOS = YES_AGGRESSIVE;
				GCC_WARN_UNUSED_FUNCTION = YES;
				GCC_WARN_UNUSED_VARIABLE = YES;
				IPHONEOS_DEPLOYMENT_TARGET = 9.0;
				MTL_ENABLE_DEBUG_INFO = YES;
				ONLY_ACTIVE_ARCH = YES;
				SDKROOT = iphoneos;
				SWIFT_OPTIMIZATION_LEVEL = "-Onone";
			};
			name = Debug;
		};
		8DC1E6841B32581E00880F26 /* Release */ = {
			isa = XCBuildConfiguration;
			buildSettings = {
				ALWAYS_SEARCH_USER_PATHS = NO;
				CLANG_CXX_LANGUAGE_STANDARD = "gnu++0x";
				CLANG_CXX_LIBRARY = "libc++";
				CLANG_ENABLE_MODULES = YES;
				CLANG_ENABLE_OBJC_ARC = YES;
				CLANG_WARN_BOOL_CONVERSION = YES;
				CLANG_WARN_CONSTANT_CONVERSION = YES;
				CLANG_WARN_DIRECT_OBJC_ISA_USAGE = YES_ERROR;
				CLANG_WARN_EMPTY_BODY = YES;
				CLANG_WARN_ENUM_CONVERSION = YES;
				CLANG_WARN_INT_CONVERSION = YES;
				CLANG_WARN_OBJC_ROOT_CLASS = YES_ERROR;
				CLANG_WARN_UNREACHABLE_CODE = YES;
				CLANG_WARN__DUPLICATE_METHOD_MATCH = YES;
				"CODE_SIGN_IDENTITY[sdk=iphoneos*]" = "iPhone Developer";
				COPY_PHASE_STRIP = NO;
				DEBUG_INFORMATION_FORMAT = "dwarf-with-dsym";
				EMBEDDED_CONTENT_CONTAINS_SWIFT = YES;
				ENABLE_NS_ASSERTIONS = NO;
				ENABLE_STRICT_OBJC_MSGSEND = YES;
				GCC_C_LANGUAGE_STANDARD = gnu99;
				GCC_NO_COMMON_BLOCKS = YES;
				GCC_WARN_64_TO_32_BIT_CONVERSION = YES;
				GCC_WARN_ABOUT_RETURN_TYPE = YES_ERROR;
				GCC_WARN_UNDECLARED_SELECTOR = YES;
				GCC_WARN_UNINITIALIZED_AUTOS = YES_AGGRESSIVE;
				GCC_WARN_UNUSED_FUNCTION = YES;
				GCC_WARN_UNUSED_VARIABLE = YES;
				IPHONEOS_DEPLOYMENT_TARGET = 9.0;
				MTL_ENABLE_DEBUG_INFO = NO;
				SDKROOT = iphoneos;
				VALIDATE_PRODUCT = YES;
			};
			name = Release;
		};
		8DC1E6861B32581E00880F26 /* Debug */ = {
			isa = XCBuildConfiguration;
			baseConfigurationReference = 114207DCF8A78DF84C66074E /* Pods.debug.xcconfig */;
			buildSettings = {
				ASSETCATALOG_COMPILER_APPICON_NAME = AppIcon;
				CODE_SIGN_IDENTITY = "iPhone Developer";
				GCC_PREPROCESSOR_DEFINITIONS = (
					"$(inherited)",
					"COCOAPODS=1",
					"NETWORK=1",
				);
				INFOPLIST_FILE = Apptester/Info.plist;
				IPHONEOS_DEPLOYMENT_TARGET = 9.0;
				LD_RUNPATH_SEARCH_PATHS = "$(inherited) @executable_path/Frameworks";
				OTHER_SWIFT_FLAGS = "-DNETWORK";
				PRODUCT_BUNDLE_IDENTIFIER = com.sqvr.Apptester;
				PRODUCT_NAME = "$(TARGET_NAME)";
				SWIFT_OBJC_BRIDGING_HEADER = bridge.h;
			};
			name = Debug;
		};
		8DC1E6871B32581E00880F26 /* Release */ = {
			isa = XCBuildConfiguration;
			baseConfigurationReference = 54AFD41C9A63745D4D1CE814 /* Pods.release.xcconfig */;
			buildSettings = {
				ASSETCATALOG_COMPILER_APPICON_NAME = AppIcon;
				CODE_SIGN_IDENTITY = "iPhone Developer";
				GCC_PREPROCESSOR_DEFINITIONS = (
					"$(inherited)",
					"COCOAPODS=1",
					"NETWORK=1",
				);
				INFOPLIST_FILE = Apptester/Info.plist;
				IPHONEOS_DEPLOYMENT_TARGET = 9.0;
				LD_RUNPATH_SEARCH_PATHS = "$(inherited) @executable_path/Frameworks";
				OTHER_SWIFT_FLAGS = "-DNETWORK";
				PRODUCT_BUNDLE_IDENTIFIER = com.sqvr.Apptester;
				PRODUCT_NAME = "$(TARGET_NAME)";
				SWIFT_OBJC_BRIDGING_HEADER = bridge.h;
			};
			name = Release;
		};
		8DC1E6891B32581E00880F26 /* Debug */ = {
			isa = XCBuildConfiguration;
			buildSettings = {
				BUNDLE_LOADER = "$(TEST_HOST)";
				INFOPLIST_FILE = ApptesterTests/Info.plist;
				LD_RUNPATH_SEARCH_PATHS = "$(inherited) @executable_path/Frameworks @loader_path/Frameworks";
				PRODUCT_BUNDLE_IDENTIFIER = com.sqvr.ApptesterTests;
				PRODUCT_NAME = "$(TARGET_NAME)";
				TEST_HOST = "$(BUILT_PRODUCTS_DIR)/Apptester.app/Apptester";
			};
			name = Debug;
		};
		8DC1E68A1B32581E00880F26 /* Release */ = {
			isa = XCBuildConfiguration;
			buildSettings = {
				BUNDLE_LOADER = "$(TEST_HOST)";
				INFOPLIST_FILE = ApptesterTests/Info.plist;
				LD_RUNPATH_SEARCH_PATHS = "$(inherited) @executable_path/Frameworks @loader_path/Frameworks";
				PRODUCT_BUNDLE_IDENTIFIER = com.sqvr.ApptesterTests;
				PRODUCT_NAME = "$(TARGET_NAME)";
				TEST_HOST = "$(BUILT_PRODUCTS_DIR)/Apptester.app/Apptester";
			};
			name = Release;
		};
/* End XCBuildConfiguration section */

/* Begin XCConfigurationList section */
		8D8CD34B1B4E020D00DE66F7 /* Build configuration list for PBXNativeTarget "ApptesterStub" */ = {
			isa = XCConfigurationList;
			buildConfigurations = (
				8D8CD34C1B4E020D00DE66F7 /* Debug */,
				8D8CD34D1B4E020D00DE66F7 /* Release */,
			);
			defaultConfigurationIsVisible = 0;
			defaultConfigurationName = Release;
		};
		8D8CD35D1B4E04AF00DE66F7 /* Build configuration list for PBXNativeTarget "ApptesterStub UI Tests" */ = {
			isa = XCConfigurationList;
			buildConfigurations = (
				8D8CD35E1B4E04AF00DE66F7 /* Debug */,
				8D8CD35F1B4E04AF00DE66F7 /* Release */,
			);
			defaultConfigurationIsVisible = 0;
		};
		8DC1E6581B32581E00880F26 /* Build configuration list for PBXProject "Apptester" */ = {
			isa = XCConfigurationList;
			buildConfigurations = (
				8DC1E6831B32581E00880F26 /* Debug */,
				8DC1E6841B32581E00880F26 /* Release */,
			);
			defaultConfigurationIsVisible = 0;
			defaultConfigurationName = Release;
		};
		8DC1E6851B32581E00880F26 /* Build configuration list for PBXNativeTarget "Apptester" */ = {
			isa = XCConfigurationList;
			buildConfigurations = (
				8DC1E6861B32581E00880F26 /* Debug */,
				8DC1E6871B32581E00880F26 /* Release */,
			);
			defaultConfigurationIsVisible = 0;
			defaultConfigurationName = Release;
		};
		8DC1E6881B32581E00880F26 /* Build configuration list for PBXNativeTarget "ApptesterTests" */ = {
			isa = XCConfigurationList;
			buildConfigurations = (
				8DC1E6891B32581E00880F26 /* Debug */,
				8DC1E68A1B32581E00880F26 /* Release */,
			);
			defaultConfigurationIsVisible = 0;
			defaultConfigurationName = Release;
		};
/* End XCConfigurationList section */
	};
	rootObject = 8DC1E6551B32581E00880F26 /* Project object */;
}
